// !$*UTF8*$!
{
	archiveVersion = 1;
	classes = {
	};
	objectVersion = 50;
	objects = {

/* Begin PBXBuildFile section */
		58AC3428F98ACC3F920EA189 /* libPods-iTunesSearch.a in Frameworks */ = {isa = PBXBuildFile; fileRef = 7FA9E5E7C79236987F1914C6 /* libPods-iTunesSearch.a */; };
		9E24C62D286C7FA000CBB4C3 /* HTTPMethod.swift in Sources */ = {isa = PBXBuildFile; fileRef = 9E24C62C286C7FA000CBB4C3 /* HTTPMethod.swift */; };
		9E24C62F286C802C00CBB4C3 /* NetworkResponse.swift in Sources */ = {isa = PBXBuildFile; fileRef = 9E24C62E286C802C00CBB4C3 /* NetworkResponse.swift */; };
		9E24C631286C806D00CBB4C3 /* NetworkError.swift in Sources */ = {isa = PBXBuildFile; fileRef = 9E24C630286C806D00CBB4C3 /* NetworkError.swift */; };
		9E24C636286C86E000CBB4C3 /* Endpoint.swift in Sources */ = {isa = PBXBuildFile; fileRef = 9E24C635286C86E000CBB4C3 /* Endpoint.swift */; };
		9E2C5C2F28B5628D00D2C094 /* ItunesSearchRequest.swift in Sources */ = {isa = PBXBuildFile; fileRef = 9E2C5C2E28B5628D00D2C094 /* ItunesSearchRequest.swift */; };
		9E4B18B92947B0E0009EAB9D /* AlbumModel.swift in Sources */ = {isa = PBXBuildFile; fileRef = 9E4B18B82947B0E0009EAB9D /* AlbumModel.swift */; };
		9E4B18BB2947B4DB009EAB9D /* SongModel.swift in Sources */ = {isa = PBXBuildFile; fileRef = 9E4B18BA2947B4DB009EAB9D /* SongModel.swift */; };
		9E4B18BE2947B5DC009EAB9D /* MovieModel.swift in Sources */ = {isa = PBXBuildFile; fileRef = 9E4B18BD2947B5DC009EAB9D /* MovieModel.swift */; };
		9E4B18C02947B6E7009EAB9D /* ApiManager.swift in Sources */ = {isa = PBXBuildFile; fileRef = 9E4B18BF2947B6E7009EAB9D /* ApiManager.swift */; };
		9E4B18C22947B6F8009EAB9D /* Credentials.swift in Sources */ = {isa = PBXBuildFile; fileRef = 9E4B18C12947B6F8009EAB9D /* Credentials.swift */; };
		9E4B18C42947B72D009EAB9D /* SearchApiManager.swift in Sources */ = {isa = PBXBuildFile; fileRef = 9E4B18C32947B72D009EAB9D /* SearchApiManager.swift */; };
		9E52873025A7810C00F7BB76 /* AppDelegate.swift in Sources */ = {isa = PBXBuildFile; fileRef = 9E52872F25A7810C00F7BB76 /* AppDelegate.swift */; };
		9E52873225A7810C00F7BB76 /* SceneDelegate.swift in Sources */ = {isa = PBXBuildFile; fileRef = 9E52873125A7810C00F7BB76 /* SceneDelegate.swift */; };
		9E52873425A7810C00F7BB76 /* BaseViewController.swift in Sources */ = {isa = PBXBuildFile; fileRef = 9E52873325A7810C00F7BB76 /* BaseViewController.swift */; };
		9E52873925A7811200F7BB76 /* Assets.xcassets in Resources */ = {isa = PBXBuildFile; fileRef = 9E52873825A7811200F7BB76 /* Assets.xcassets */; };
		9E52874525A789DD00F7BB76 /* DetailVC.swift in Sources */ = {isa = PBXBuildFile; fileRef = 9E52874425A789DD00F7BB76 /* DetailVC.swift */; };
		9E52875625A791D900F7BB76 /* ItemCollectionViewCell.swift in Sources */ = {isa = PBXBuildFile; fileRef = 9E52875425A791D900F7BB76 /* ItemCollectionViewCell.swift */; };
		9E52876E25A8FFEB00F7BB76 /* APIService.swift in Sources */ = {isa = PBXBuildFile; fileRef = 9E52876D25A8FFEA00F7BB76 /* APIService.swift */; };
		9E52877525A9023100F7BB76 /* ItunesSearchResponse.swift in Sources */ = {isa = PBXBuildFile; fileRef = 9E52877425A9023100F7BB76 /* ItunesSearchResponse.swift */; };
		9E52877825A9025D00F7BB76 /* ItunesSearchResults.swift in Sources */ = {isa = PBXBuildFile; fileRef = 9E52877725A9025D00F7BB76 /* ItunesSearchResults.swift */; };
		9EA48EFF294BA58E0001AC25 /* LaunchScreen.storyboard in Resources */ = {isa = PBXBuildFile; fileRef = 9EA48EFD294BA58E0001AC25 /* LaunchScreen.storyboard */; };
		9EA48F00294BA58E0001AC25 /* Main.storyboard in Resources */ = {isa = PBXBuildFile; fileRef = 9EA48EFE294BA58E0001AC25 /* Main.storyboard */; };
/* End PBXBuildFile section */

/* Begin PBXFileReference section */
		116545036E6643457B6D28F2 /* Pods-iTunesSearch.release.xcconfig */ = {isa = PBXFileReference; includeInIndex = 1; lastKnownFileType = text.xcconfig; name = "Pods-iTunesSearch.release.xcconfig"; path = "Target Support Files/Pods-iTunesSearch/Pods-iTunesSearch.release.xcconfig"; sourceTree = "<group>"; };
		78A0B4EFE80262C0DA6E696D /* Pods-iTunesSearch.debug.xcconfig */ = {isa = PBXFileReference; includeInIndex = 1; lastKnownFileType = text.xcconfig; name = "Pods-iTunesSearch.debug.xcconfig"; path = "Target Support Files/Pods-iTunesSearch/Pods-iTunesSearch.debug.xcconfig"; sourceTree = "<group>"; };
		7FA9E5E7C79236987F1914C6 /* libPods-iTunesSearch.a */ = {isa = PBXFileReference; explicitFileType = archive.ar; includeInIndex = 0; path = "libPods-iTunesSearch.a"; sourceTree = BUILT_PRODUCTS_DIR; };
		9E24C62C286C7FA000CBB4C3 /* HTTPMethod.swift */ = {isa = PBXFileReference; lastKnownFileType = sourcecode.swift; path = HTTPMethod.swift; sourceTree = "<group>"; };
		9E24C62E286C802C00CBB4C3 /* NetworkResponse.swift */ = {isa = PBXFileReference; lastKnownFileType = sourcecode.swift; path = NetworkResponse.swift; sourceTree = "<group>"; };
		9E24C630286C806D00CBB4C3 /* NetworkError.swift */ = {isa = PBXFileReference; lastKnownFileType = sourcecode.swift; path = NetworkError.swift; sourceTree = "<group>"; };
		9E24C635286C86E000CBB4C3 /* Endpoint.swift */ = {isa = PBXFileReference; lastKnownFileType = sourcecode.swift; path = Endpoint.swift; sourceTree = "<group>"; };
		9E2C5C2E28B5628D00D2C094 /* ItunesSearchRequest.swift */ = {isa = PBXFileReference; lastKnownFileType = sourcecode.swift; path = ItunesSearchRequest.swift; sourceTree = "<group>"; };
		9E4B18B82947B0E0009EAB9D /* AlbumModel.swift */ = {isa = PBXFileReference; lastKnownFileType = sourcecode.swift; path = AlbumModel.swift; sourceTree = "<group>"; };
		9E4B18BA2947B4DB009EAB9D /* SongModel.swift */ = {isa = PBXFileReference; lastKnownFileType = sourcecode.swift; path = SongModel.swift; sourceTree = "<group>"; };
		9E4B18BD2947B5DC009EAB9D /* MovieModel.swift */ = {isa = PBXFileReference; lastKnownFileType = sourcecode.swift; path = MovieModel.swift; sourceTree = "<group>"; };
		9E4B18BF2947B6E7009EAB9D /* ApiManager.swift */ = {isa = PBXFileReference; lastKnownFileType = sourcecode.swift; path = ApiManager.swift; sourceTree = "<group>"; };
		9E4B18C12947B6F8009EAB9D /* Credentials.swift */ = {isa = PBXFileReference; lastKnownFileType = sourcecode.swift; path = Credentials.swift; sourceTree = "<group>"; };
		9E4B18C32947B72D009EAB9D /* SearchApiManager.swift */ = {isa = PBXFileReference; lastKnownFileType = sourcecode.swift; path = SearchApiManager.swift; sourceTree = "<group>"; };
		9E52872C25A7810C00F7BB76 /* iTunesSearch.app */ = {isa = PBXFileReference; explicitFileType = wrapper.application; includeInIndex = 0; path = iTunesSearch.app; sourceTree = BUILT_PRODUCTS_DIR; };
		9E52872F25A7810C00F7BB76 /* AppDelegate.swift */ = {isa = PBXFileReference; lastKnownFileType = sourcecode.swift; path = AppDelegate.swift; sourceTree = "<group>"; };
		9E52873125A7810C00F7BB76 /* SceneDelegate.swift */ = {isa = PBXFileReference; lastKnownFileType = sourcecode.swift; path = SceneDelegate.swift; sourceTree = "<group>"; };
		9E52873325A7810C00F7BB76 /* BaseViewController.swift */ = {isa = PBXFileReference; lastKnownFileType = sourcecode.swift; path = BaseViewController.swift; sourceTree = "<group>"; };
		9E52873825A7811200F7BB76 /* Assets.xcassets */ = {isa = PBXFileReference; lastKnownFileType = folder.assetcatalog; path = Assets.xcassets; sourceTree = "<group>"; };
		9E52873D25A7811200F7BB76 /* Info.plist */ = {isa = PBXFileReference; lastKnownFileType = text.plist.xml; path = Info.plist; sourceTree = "<group>"; };
		9E52874425A789DD00F7BB76 /* DetailVC.swift */ = {isa = PBXFileReference; lastKnownFileType = sourcecode.swift; path = DetailVC.swift; sourceTree = "<group>"; };
		9E52875425A791D900F7BB76 /* ItemCollectionViewCell.swift */ = {isa = PBXFileReference; lastKnownFileType = sourcecode.swift; path = ItemCollectionViewCell.swift; sourceTree = "<group>"; };
		9E52876D25A8FFEA00F7BB76 /* APIService.swift */ = {isa = PBXFileReference; lastKnownFileType = sourcecode.swift; path = APIService.swift; sourceTree = "<group>"; };
		9E52877425A9023100F7BB76 /* ItunesSearchResponse.swift */ = {isa = PBXFileReference; lastKnownFileType = sourcecode.swift; path = ItunesSearchResponse.swift; sourceTree = "<group>"; };
		9E52877725A9025D00F7BB76 /* ItunesSearchResults.swift */ = {isa = PBXFileReference; lastKnownFileType = sourcecode.swift; path = ItunesSearchResults.swift; sourceTree = "<group>"; };
		9EA48EFD294BA58E0001AC25 /* LaunchScreen.storyboard */ = {isa = PBXFileReference; fileEncoding = 4; lastKnownFileType = file.storyboard; path = LaunchScreen.storyboard; sourceTree = "<group>"; };
		9EA48EFE294BA58E0001AC25 /* Main.storyboard */ = {isa = PBXFileReference; fileEncoding = 4; lastKnownFileType = file.storyboard; path = Main.storyboard; sourceTree = "<group>"; };
/* End PBXFileReference section */

/* Begin PBXFrameworksBuildPhase section */
		9E52872925A7810C00F7BB76 /* Frameworks */ = {
			isa = PBXFrameworksBuildPhase;
			buildActionMask = 2147483647;
			files = (
				58AC3428F98ACC3F920EA189 /* libPods-iTunesSearch.a in Frameworks */,
			);
			runOnlyForDeploymentPostprocessing = 0;
		};
/* End PBXFrameworksBuildPhase section */

/* Begin PBXGroup section */
		2870E414970D8E1254DAD618 /* Pods */ = {
			isa = PBXGroup;
			children = (
				78A0B4EFE80262C0DA6E696D /* Pods-iTunesSearch.debug.xcconfig */,
				116545036E6643457B6D28F2 /* Pods-iTunesSearch.release.xcconfig */,
			);
			path = Pods;
			sourceTree = "<group>";
		};
		9E24C62B286C7F6500CBB4C3 /* NetworkLayer */ = {
			isa = PBXGroup;
			children = (
				9E24C62C286C7FA000CBB4C3 /* HTTPMethod.swift */,
				9E24C62E286C802C00CBB4C3 /* NetworkResponse.swift */,
				9E24C630286C806D00CBB4C3 /* NetworkError.swift */,
				9E24C635286C86E000CBB4C3 /* Endpoint.swift */,
			);
			path = NetworkLayer;
			sourceTree = "<group>";
		};
		9E24C632286C83AC00CBB4C3 /* manager */ = {
			isa = PBXGroup;
			children = (
				9E4B18BF2947B6E7009EAB9D /* ApiManager.swift */,
				9E4B18C12947B6F8009EAB9D /* Credentials.swift */,
				9E4B18C32947B72D009EAB9D /* SearchApiManager.swift */,
			);
			path = manager;
			sourceTree = "<group>";
		};
		9E52872325A7810B00F7BB76 = {
			isa = PBXGroup;
			children = (
				9E52872E25A7810C00F7BB76 /* iTunesSearch */,
				9E52872D25A7810C00F7BB76 /* Products */,
				2870E414970D8E1254DAD618 /* Pods */,
				FE3861A38D38EF213E4E532A /* Frameworks */,
			);
			sourceTree = "<group>";
		};
		9E52872D25A7810C00F7BB76 /* Products */ = {
			isa = PBXGroup;
			children = (
				9E52872C25A7810C00F7BB76 /* iTunesSearch.app */,
			);
			name = Products;
			sourceTree = "<group>";
		};
		9E52872E25A7810C00F7BB76 /* iTunesSearch */ = {
			isa = PBXGroup;
			children = (
				9EA48EFC294BA58E0001AC25 /* Base */,
				9E24C632286C83AC00CBB4C3 /* manager */,
				9E24C62B286C7F6500CBB4C3 /* NetworkLayer */,
				9E52875125A791B800F7BB76 /* Controller */,
				9E52875025A791B800F7BB76 /* Model */,
				9E52875225A791B800F7BB76 /* Service */,
				9E52875325A791B800F7BB76 /* View */,
				9E52872F25A7810C00F7BB76 /* AppDelegate.swift */,
				9E52873125A7810C00F7BB76 /* SceneDelegate.swift */,
				9E52873825A7811200F7BB76 /* Assets.xcassets */,
				9E52873D25A7811200F7BB76 /* Info.plist */,
			);
			path = iTunesSearch;
			sourceTree = "<group>";
		};
		9E52875025A791B800F7BB76 /* Model */ = {
			isa = PBXGroup;
			children = (
				9E52877425A9023100F7BB76 /* ItunesSearchResponse.swift */,
				9E52877725A9025D00F7BB76 /* ItunesSearchResults.swift */,
				9E2C5C2E28B5628D00D2C094 /* ItunesSearchRequest.swift */,
				9E4B18B82947B0E0009EAB9D /* AlbumModel.swift */,
				9E4B18BA2947B4DB009EAB9D /* SongModel.swift */,
				9E4B18BD2947B5DC009EAB9D /* MovieModel.swift */,
			);
			path = Model;
			sourceTree = "<group>";
		};
		9E52875125A791B800F7BB76 /* Controller */ = {
			isa = PBXGroup;
			children = (
				9E52873325A7810C00F7BB76 /* BaseViewController.swift */,
				9E52874425A789DD00F7BB76 /* DetailVC.swift */,
			);
			path = Controller;
			sourceTree = "<group>";
		};
		9E52875225A791B800F7BB76 /* Service */ = {
			isa = PBXGroup;
			children = (
				9E52876D25A8FFEA00F7BB76 /* APIService.swift */,
			);
			path = Service;
			sourceTree = "<group>";
		};
		9E52875325A791B800F7BB76 /* View */ = {
			isa = PBXGroup;
			children = (
				9E52875425A791D900F7BB76 /* ItemCollectionViewCell.swift */,
			);
			path = View;
			sourceTree = "<group>";
		};
		9EA48EFC294BA58E0001AC25 /* Base */ = {
			isa = PBXGroup;
			children = (
				9EA48EFD294BA58E0001AC25 /* LaunchScreen.storyboard */,
				9EA48EFE294BA58E0001AC25 /* Main.storyboard */,
			);
			path = Base;
			sourceTree = "<group>";
		};
		FE3861A38D38EF213E4E532A /* Frameworks */ = {
			isa = PBXGroup;
			children = (
				7FA9E5E7C79236987F1914C6 /* libPods-iTunesSearch.a */,
			);
			name = Frameworks;
			sourceTree = "<group>";
		};
/* End PBXGroup section */

/* Begin PBXNativeTarget section */
		9E52872B25A7810C00F7BB76 /* iTunesSearch */ = {
			isa = PBXNativeTarget;
			buildConfigurationList = 9E52874025A7811200F7BB76 /* Build configuration list for PBXNativeTarget "iTunesSearch" */;
			buildPhases = (
				751D4FEA7392D4CB071A5267 /* [CP] Check Pods Manifest.lock */,
				9E52872825A7810C00F7BB76 /* Sources */,
				9E52872925A7810C00F7BB76 /* Frameworks */,
				9E52872A25A7810C00F7BB76 /* Resources */,
			);
			buildRules = (
			);
			dependencies = (
			);
			name = iTunesSearch;
			productName = iTunesSearch;
			productReference = 9E52872C25A7810C00F7BB76 /* iTunesSearch.app */;
			productType = "com.apple.product-type.application";
		};
/* End PBXNativeTarget section */

/* Begin PBXProject section */
		9E52872425A7810B00F7BB76 /* Project object */ = {
			isa = PBXProject;
			attributes = {
				LastSwiftUpdateCheck = 1220;
				LastUpgradeCheck = 1220;
				TargetAttributes = {
					9E52872B25A7810C00F7BB76 = {
						CreatedOnToolsVersion = 12.2;
					};
				};
			};
			buildConfigurationList = 9E52872725A7810B00F7BB76 /* Build configuration list for PBXProject "iTunesSearch" */;
			compatibilityVersion = "Xcode 9.3";
			developmentRegion = en;
			hasScannedForEncodings = 0;
			knownRegions = (
				en,
				Base,
			);
			mainGroup = 9E52872325A7810B00F7BB76;
			productRefGroup = 9E52872D25A7810C00F7BB76 /* Products */;
			projectDirPath = "";
			projectRoot = "";
			targets = (
				9E52872B25A7810C00F7BB76 /* iTunesSearch */,
			);
		};
/* End PBXProject section */

/* Begin PBXResourcesBuildPhase section */
		9E52872A25A7810C00F7BB76 /* Resources */ = {
			isa = PBXResourcesBuildPhase;
			buildActionMask = 2147483647;
			files = (
				9EA48F00294BA58E0001AC25 /* Main.storyboard in Resources */,
				9EA48EFF294BA58E0001AC25 /* LaunchScreen.storyboard in Resources */,
				9E52873925A7811200F7BB76 /* Assets.xcassets in Resources */,
			);
			runOnlyForDeploymentPostprocessing = 0;
		};
/* End PBXResourcesBuildPhase section */

/* Begin PBXShellScriptBuildPhase section */
		751D4FEA7392D4CB071A5267 /* [CP] Check Pods Manifest.lock */ = {
			isa = PBXShellScriptBuildPhase;
			buildActionMask = 2147483647;
			files = (
			);
			inputFileListPaths = (
			);
			inputPaths = (
				"${PODS_PODFILE_DIR_PATH}/Podfile.lock",
				"${PODS_ROOT}/Manifest.lock",
			);
			name = "[CP] Check Pods Manifest.lock";
			outputFileListPaths = (
			);
			outputPaths = (
				"$(DERIVED_FILE_DIR)/Pods-iTunesSearch-checkManifestLockResult.txt",
			);
			runOnlyForDeploymentPostprocessing = 0;
			shellPath = /bin/sh;
			shellScript = "diff \"${PODS_PODFILE_DIR_PATH}/Podfile.lock\" \"${PODS_ROOT}/Manifest.lock\" > /dev/null\nif [ $? != 0 ] ; then\n    # print error to STDERR\n    echo \"error: The sandbox is not in sync with the Podfile.lock. Run 'pod install' or update your CocoaPods installation.\" >&2\n    exit 1\nfi\n# This output is used by Xcode 'outputs' to avoid re-running this script phase.\necho \"SUCCESS\" > \"${SCRIPT_OUTPUT_FILE_0}\"\n";
			showEnvVarsInLog = 0;
		};
/* End PBXShellScriptBuildPhase section */

/* Begin PBXSourcesBuildPhase section */
		9E52872825A7810C00F7BB76 /* Sources */ = {
			isa = PBXSourcesBuildPhase;
			buildActionMask = 2147483647;
			files = (
				9E52875625A791D900F7BB76 /* ItemCollectionViewCell.swift in Sources */,
				9E24C62F286C802C00CBB4C3 /* NetworkResponse.swift in Sources */,
				9E24C636286C86E000CBB4C3 /* Endpoint.swift in Sources */,
				9E52873425A7810C00F7BB76 /* BaseViewController.swift in Sources */,
				9E4B18BB2947B4DB009EAB9D /* SongModel.swift in Sources */,
				9E52877825A9025D00F7BB76 /* ItunesSearchResults.swift in Sources */,
				9E4B18BE2947B5DC009EAB9D /* MovieModel.swift in Sources */,
				9E52874525A789DD00F7BB76 /* DetailVC.swift in Sources */,
				9E52873025A7810C00F7BB76 /* AppDelegate.swift in Sources */,
				9E24C62D286C7FA000CBB4C3 /* HTTPMethod.swift in Sources */,
				9E52876E25A8FFEB00F7BB76 /* APIService.swift in Sources */,
				9E2C5C2F28B5628D00D2C094 /* ItunesSearchRequest.swift in Sources */,
				9E4B18C22947B6F8009EAB9D /* Credentials.swift in Sources */,
				9E4B18B92947B0E0009EAB9D /* AlbumModel.swift in Sources */,
				9E52877525A9023100F7BB76 /* ItunesSearchResponse.swift in Sources */,
				9E4B18C02947B6E7009EAB9D /* ApiManager.swift in Sources */,
				9E24C631286C806D00CBB4C3 /* NetworkError.swift in Sources */,
				9E52873225A7810C00F7BB76 /* SceneDelegate.swift in Sources */,
				9E4B18C42947B72D009EAB9D /* SearchApiManager.swift in Sources */,
			);
			runOnlyForDeploymentPostprocessing = 0;
		};
/* End PBXSourcesBuildPhase section */

/* Begin XCBuildConfiguration section */
		9E52873E25A7811200F7BB76 /* Debug */ = {
			isa = XCBuildConfiguration;
			buildSettings = {
				ALWAYS_SEARCH_USER_PATHS = NO;
				CLANG_ANALYZER_NONNULL = YES;
				CLANG_ANALYZER_NUMBER_OBJECT_CONVERSION = YES_AGGRESSIVE;
				CLANG_CXX_LANGUAGE_STANDARD = "gnu++14";
				CLANG_CXX_LIBRARY = "libc++";
				CLANG_ENABLE_MODULES = YES;
				CLANG_ENABLE_OBJC_ARC = YES;
				CLANG_ENABLE_OBJC_WEAK = YES;
				CLANG_WARN_BLOCK_CAPTURE_AUTORELEASING = YES;
				CLANG_WARN_BOOL_CONVERSION = YES;
				CLANG_WARN_COMMA = YES;
				CLANG_WARN_CONSTANT_CONVERSION = YES;
				CLANG_WARN_DEPRECATED_OBJC_IMPLEMENTATIONS = YES;
				CLANG_WARN_DIRECT_OBJC_ISA_USAGE = YES_ERROR;
				CLANG_WARN_DOCUMENTATION_COMMENTS = YES;
				CLANG_WARN_EMPTY_BODY = YES;
				CLANG_WARN_ENUM_CONVERSION = YES;
				CLANG_WARN_INFINITE_RECURSION = YES;
				CLANG_WARN_INT_CONVERSION = YES;
				CLANG_WARN_NON_LITERAL_NULL_CONVERSION = YES;
				CLANG_WARN_OBJC_IMPLICIT_RETAIN_SELF = YES;
				CLANG_WARN_OBJC_LITERAL_CONVERSION = YES;
				CLANG_WARN_OBJC_ROOT_CLASS = YES_ERROR;
				CLANG_WARN_QUOTED_INCLUDE_IN_FRAMEWORK_HEADER = YES;
				CLANG_WARN_RANGE_LOOP_ANALYSIS = YES;
				CLANG_WARN_STRICT_PROTOTYPES = YES;
				CLANG_WARN_SUSPICIOUS_MOVE = YES;
				CLANG_WARN_UNGUARDED_AVAILABILITY = YES_AGGRESSIVE;
				CLANG_WARN_UNREACHABLE_CODE = YES;
				CLANG_WARN__DUPLICATE_METHOD_MATCH = YES;
				COPY_PHASE_STRIP = NO;
				DEBUG_INFORMATION_FORMAT = dwarf;
				ENABLE_STRICT_OBJC_MSGSEND = YES;
				ENABLE_TESTABILITY = YES;
				GCC_C_LANGUAGE_STANDARD = gnu11;
				GCC_DYNAMIC_NO_PIC = NO;
				GCC_NO_COMMON_BLOCKS = YES;
				GCC_OPTIMIZATION_LEVEL = 0;
				GCC_PREPROCESSOR_DEFINITIONS = (
					"DEBUG=1",
					"$(inherited)",
				);
				GCC_WARN_64_TO_32_BIT_CONVERSION = YES;
				GCC_WARN_ABOUT_RETURN_TYPE = YES_ERROR;
				GCC_WARN_UNDECLARED_SELECTOR = YES;
				GCC_WARN_UNINITIALIZED_AUTOS = YES_AGGRESSIVE;
				GCC_WARN_UNUSED_FUNCTION = YES;
				GCC_WARN_UNUSED_VARIABLE = YES;
				IPHONEOS_DEPLOYMENT_TARGET = 14.2;
				MTL_ENABLE_DEBUG_INFO = INCLUDE_SOURCE;
				MTL_FAST_MATH = YES;
				ONLY_ACTIVE_ARCH = YES;
				SDKROOT = iphoneos;
				SWIFT_ACTIVE_COMPILATION_CONDITIONS = DEBUG;
				SWIFT_OPTIMIZATION_LEVEL = "-Onone";
			};
			name = Debug;
		};
		9E52873F25A7811200F7BB76 /* Release */ = {
			isa = XCBuildConfiguration;
			buildSettings = {
				ALWAYS_SEARCH_USER_PATHS = NO;
				CLANG_ANALYZER_NONNULL = YES;
				CLANG_ANALYZER_NUMBER_OBJECT_CONVERSION = YES_AGGRESSIVE;
				CLANG_CXX_LANGUAGE_STANDARD = "gnu++14";
				CLANG_CXX_LIBRARY = "libc++";
				CLANG_ENABLE_MODULES = YES;
				CLANG_ENABLE_OBJC_ARC = YES;
				CLANG_ENABLE_OBJC_WEAK = YES;
				CLANG_WARN_BLOCK_CAPTURE_AUTORELEASING = YES;
				CLANG_WARN_BOOL_CONVERSION = YES;
				CLANG_WARN_COMMA = YES;
				CLANG_WARN_CONSTANT_CONVERSION = YES;
				CLANG_WARN_DEPRECATED_OBJC_IMPLEMENTATIONS = YES;
				CLANG_WARN_DIRECT_OBJC_ISA_USAGE = YES_ERROR;
				CLANG_WARN_DOCUMENTATION_COMMENTS = YES;
				CLANG_WARN_EMPTY_BODY = YES;
				CLANG_WARN_ENUM_CONVERSION = YES;
				CLANG_WARN_INFINITE_RECURSION = YES;
				CLANG_WARN_INT_CONVERSION = YES;
				CLANG_WARN_NON_LITERAL_NULL_CONVERSION = YES;
				CLANG_WARN_OBJC_IMPLICIT_RETAIN_SELF = YES;
				CLANG_WARN_OBJC_LITERAL_CONVERSION = YES;
				CLANG_WARN_OBJC_ROOT_CLASS = YES_ERROR;
				CLANG_WARN_QUOTED_INCLUDE_IN_FRAMEWORK_HEADER = YES;
				CLANG_WARN_RANGE_LOOP_ANALYSIS = YES;
				CLANG_WARN_STRICT_PROTOTYPES = YES;
				CLANG_WARN_SUSPICIOUS_MOVE = YES;
				CLANG_WARN_UNGUARDED_AVAILABILITY = YES_AGGRESSIVE;
				CLANG_WARN_UNREACHABLE_CODE = YES;
				CLANG_WARN__DUPLICATE_METHOD_MATCH = YES;
				COPY_PHASE_STRIP = NO;
				DEBUG_INFORMATION_FORMAT = "dwarf-with-dsym";
				ENABLE_NS_ASSERTIONS = NO;
				ENABLE_STRICT_OBJC_MSGSEND = YES;
				GCC_C_LANGUAGE_STANDARD = gnu11;
				GCC_NO_COMMON_BLOCKS = YES;
				GCC_WARN_64_TO_32_BIT_CONVERSION = YES;
				GCC_WARN_ABOUT_RETURN_TYPE = YES_ERROR;
				GCC_WARN_UNDECLARED_SELECTOR = YES;
				GCC_WARN_UNINITIALIZED_AUTOS = YES_AGGRESSIVE;
				GCC_WARN_UNUSED_FUNCTION = YES;
				GCC_WARN_UNUSED_VARIABLE = YES;
				IPHONEOS_DEPLOYMENT_TARGET = 14.2;
				MTL_ENABLE_DEBUG_INFO = NO;
				MTL_FAST_MATH = YES;
				SDKROOT = iphoneos;
				SWIFT_COMPILATION_MODE = wholemodule;
				SWIFT_OPTIMIZATION_LEVEL = "-O";
				VALIDATE_PRODUCT = YES;
			};
			name = Release;
		};
		9E52874125A7811200F7BB76 /* Debug */ = {
			isa = XCBuildConfiguration;
			baseConfigurationReference = 78A0B4EFE80262C0DA6E696D /* Pods-iTunesSearch.debug.xcconfig */;
			buildSettings = {
				ASSETCATALOG_COMPILER_APPICON_NAME = AppIcon;
				ASSETCATALOG_COMPILER_GLOBAL_ACCENT_COLOR_NAME = AccentColor;
				CODE_SIGN_STYLE = Automatic;
				DEVELOPMENT_TEAM = 488P939BJ9;
				INFOPLIST_FILE = iTunesSearch/Info.plist;
				IPHONEOS_DEPLOYMENT_TARGET = 12.0;
				LD_RUNPATH_SEARCH_PATHS = (
					"$(inherited)",
					"@executable_path/Frameworks",
				);
				PRODUCT_BUNDLE_IDENTIFIER = bengisukarakilinc.iTunesSearch;
				PRODUCT_NAME = "$(TARGET_NAME)";
				SWIFT_VERSION = 5.0;
				TARGETED_DEVICE_FAMILY = "1,2";
			};
			name = Debug;
		};
		9E52874225A7811200F7BB76 /* Release */ = {
			isa = XCBuildConfiguration;
			baseConfigurationReference = 116545036E6643457B6D28F2 /* Pods-iTunesSearch.release.xcconfig */;
			buildSettings = {
				ASSETCATALOG_COMPILER_APPICON_NAME = AppIcon;
				ASSETCATALOG_COMPILER_GLOBAL_ACCENT_COLOR_NAME = AccentColor;
				CODE_SIGN_STYLE = Automatic;
				DEVELOPMENT_TEAM = 488P939BJ9;
				INFOPLIST_FILE = iTunesSearch/Info.plist;
				IPHONEOS_DEPLOYMENT_TARGET = 12.0;
				LD_RUNPATH_SEARCH_PATHS = (
					"$(inherited)",
					"@executable_path/Frameworks",
				);
				PRODUCT_BUNDLE_IDENTIFIER = bengisukarakilinc.iTunesSearch;
				PRODUCT_NAME = "$(TARGET_NAME)";
				SWIFT_VERSION = 5.0;
				TARGETED_DEVICE_FAMILY = "1,2";
			};
			name = Release;
		};
/* End XCBuildConfiguration section */

/* Begin XCConfigurationList section */
		9E52872725A7810B00F7BB76 /* Build configuration list for PBXProject "iTunesSearch" */ = {
			isa = XCConfigurationList;
			buildConfigurations = (
				9E52873E25A7811200F7BB76 /* Debug */,
				9E52873F25A7811200F7BB76 /* Release */,
			);
			defaultConfigurationIsVisible = 0;
			defaultConfigurationName = Release;
		};
		9E52874025A7811200F7BB76 /* Build configuration list for PBXNativeTarget "iTunesSearch" */ = {
			isa = XCConfigurationList;
			buildConfigurations = (
				9E52874125A7811200F7BB76 /* Debug */,
				9E52874225A7811200F7BB76 /* Release */,
			);
			defaultConfigurationIsVisible = 0;
			defaultConfigurationName = Release;
		};
/* End XCConfigurationList section */
	};
	rootObject = 9E52872425A7810B00F7BB76 /* Project object */;
}
